
Microsoft Visual Studio Solution File, Format Version 12.00
# Visual Studio Version 17
VisualStudioVersion = 17.7.34024.191
MinimumVisualStudioVersion = 10.0.40219.1
Project("{9A19103F-16F7-4668-BE54-9A1E7A4F7556}") = "Calculator", "Calculator\Calculator.csproj", "{EBCD888C-A078-4BE2-B9D1-825A13EB18AE}"
EndProject
Project("{FAE04EC0-301F-11D3-BF4B-00C04F79EFBC}") = "CalculatorTest", "CalculatorTest\CalculatorTest.csproj", "{6F49BDB1-0572-427F-A57B-66EF4E39CFCF}"
EndProject
Global
	GlobalSection(SolutionConfigurationPlatforms) = preSolution
		Debug|Any CPU = Debug|Any CPU
		Release|Any CPU = Release|Any CPU
	EndGlobalSection
	GlobalSection(ProjectConfigurationPlatforms) = postSolution
		{EBCD888C-A078-4BE2-B9D1-825A13EB18AE}.Debug|Any CPU.ActiveCfg = Debug|Any CPU
		{EBCD888C-A078-4BE2-B9D1-825A13EB18AE}.Debug|Any CPU.Build.0 = Debug|Any CPU
		{EBCD888C-A078-4BE2-B9D1-825A13EB18AE}.Release|Any CPU.ActiveCfg = Release|Any CPU
		{EBCD888C-A078-4BE2-B9D1-825A13EB18AE}.Release|Any CPU.Build.0 = Release|Any CPU
		{6F49BDB1-0572-427F-A57B-66EF4E39CFCF}.Debug|Any CPU.ActiveCfg = Debug|Any CPU
		{6F49BDB1-0572-427F-A57B-66EF4E39CFCF}.Debug|Any CPU.Build.0 = Debug|Any CPU
		{6F49BDB1-0572-427F-A57B-66EF4E39CFCF}.Release|Any CPU.ActiveCfg = Release|Any CPU
		{6F49BDB1-0572-427F-A57B-66EF4E39CFCF}.Release|Any CPU.Build.0 = Release|Any CPU
	EndGlobalSection
	GlobalSection(SolutionProperties) = preSolution
		HideSolutionNode = FALSE
	EndGlobalSection
	GlobalSection(ExtensibilityGlobals) = postSolution
		SolutionGuid = {2F9992A4-79FA-451E-803F-B700600EB28F}
	EndGlobalSection
EndGlobal
